
Microsoft Visual Studio Solution File, Format Version 12.00
# Visual Studio Version 16
VisualStudioVersion = 16.0.31729.503
MinimumVisualStudioVersion = 10.0.40219.1
Project("{FAE04EC0-301F-11D3-BF4B-00C04F79EFBC}") = "EcdsApp", "EcdsApp.csproj", "{2BE94B1D-0398-41E5-81EF-112B5D88CEBA}"
EndProject
Global
	GlobalSection(SolutionConfigurationPlatforms) = preSolution
		Debug|Any CPU = Debug|Any CPU
		Release|Any CPU = Release|Any CPU
	EndGlobalSection
	GlobalSection(ProjectConfigurationPlatforms) = postSolution
		{2BE94B1D-0398-41E5-81EF-112B5D88CEBA}.Debug|Any CPU.ActiveCfg = Debug|Any CPU
		{2BE94B1D-0398-41E5-81EF-112B5D88CEBA}.Debug|Any CPU.Build.0 = Debug|Any CPU
		{2BE94B1D-0398-41E5-81EF-112B5D88CEBA}.Release|Any CPU.ActiveCfg = Release|Any CPU
		{2BE94B1D-0398-41E5-81EF-112B5D88CEBA}.Release|Any CPU.Build.0 = Release|Any CPU
	EndGlobalSection
	GlobalSection(SolutionProperties) = preSolution
		HideSolutionNode = FALSE
	EndGlobalSection
	GlobalSection(ExtensibilityGlobals) = postSolution
		SolutionGuid = {C2449E82-BEF2-4754-B919-43B12C3FD18F}
	EndGlobalSection
EndGlobal
